
Microsoft Visual Studio Solution File, Format Version 12.00
# Visual Studio 15
VisualStudioVersion = 15.0.26430.6
MinimumVisualStudioVersion = 10.0.40219.1
Project("{FAE04EC0-301F-11D3-BF4B-00C04F79EFBC}") = "StopLOL2k17", "StopLOL2k17\StopLOL2k17.csproj", "{3675EB9C-5195-4B92-B6C6-762833DB1D9F}"
EndProject
Global
	GlobalSection(SolutionConfigurationPlatforms) = preSolution
		Debug|Any CPU = Debug|Any CPU
		Release|Any CPU = Release|Any CPU
	EndGlobalSection
	GlobalSection(ProjectConfigurationPlatforms) = postSolution
		{3675EB9C-5195-4B92-B6C6-762833DB1D9F}.Debug|Any CPU.ActiveCfg = Debug|Any CPU
		{3675EB9C-5195-4B92-B6C6-762833DB1D9F}.Debug|Any CPU.Build.0 = Debug|Any CPU
		{3675EB9C-5195-4B92-B6C6-762833DB1D9F}.Release|Any CPU.ActiveCfg = Release|Any CPU
		{3675EB9C-5195-4B92-B6C6-762833DB1D9F}.Release|Any CPU.Build.0 = Release|Any CPU
	EndGlobalSection
	GlobalSection(SolutionProperties) = preSolution
		HideSolutionNode = FALSE
	EndGlobalSection
EndGlobal
